// !$*UTF8*$!
{
	archiveVersion = 1;
	classes = {
	};
	objectVersion = 56;
	objects = {

/* Begin PBXBuildFile section */
		B21BE4752C8DEC2D009D1A15 /* tadaktadakApp.swift in Sources */ = {isa = PBXBuildFile; fileRef = B21BE4742C8DEC2D009D1A15 /* tadaktadakApp.swift */; };
		B21BE4772C8DEC2D009D1A15 /* ContentView.swift in Sources */ = {isa = PBXBuildFile; fileRef = B21BE4762C8DEC2D009D1A15 /* ContentView.swift */; };
		B21BE4792C8DEC2E009D1A15 /* Assets.xcassets in Resources */ = {isa = PBXBuildFile; fileRef = B21BE4782C8DEC2E009D1A15 /* Assets.xcassets */; };
		B21BE47D2C8DEC2E009D1A15 /* Preview Assets.xcassets in Resources */ = {isa = PBXBuildFile; fileRef = B21BE47C2C8DEC2E009D1A15 /* Preview Assets.xcassets */; };
		B21BE4872C8DEC2E009D1A15 /* tadaktadakTests.swift in Sources */ = {isa = PBXBuildFile; fileRef = B21BE4862C8DEC2E009D1A15 /* tadaktadakTests.swift */; };
		B21BE4912C8DEC2E009D1A15 /* tadaktadakUITests.swift in Sources */ = {isa = PBXBuildFile; fileRef = B21BE4902C8DEC2E009D1A15 /* tadaktadakUITests.swift */; };
		B21BE4932C8DEC2E009D1A15 /* tadaktadakUITestsLaunchTests.swift in Sources */ = {isa = PBXBuildFile; fileRef = B21BE4922C8DEC2E009D1A15 /* tadaktadakUITestsLaunchTests.swift */; };
		B253558E2C8E029F004325DB /* KeyboardPreview.swift in Sources */ = {isa = PBXBuildFile; fileRef = B253558D2C8E029F004325DB /* KeyboardPreview.swift */; };
/* End PBXBuildFile section */

/* Begin PBXContainerItemProxy section */
		B21BE4832C8DEC2E009D1A15 /* PBXContainerItemProxy */ = {
			isa = PBXContainerItemProxy;
			containerPortal = B21BE4692C8DEC2D009D1A15 /* Project object */;
			proxyType = 1;
			remoteGlobalIDString = B21BE4702C8DEC2D009D1A15;
			remoteInfo = tadaktadak;
		};
		B21BE48D2C8DEC2E009D1A15 /* PBXContainerItemProxy */ = {
			isa = PBXContainerItemProxy;
			containerPortal = B21BE4692C8DEC2D009D1A15 /* Project object */;
			proxyType = 1;
			remoteGlobalIDString = B21BE4702C8DEC2D009D1A15;
			remoteInfo = tadaktadak;
		};
/* End PBXContainerItemProxy section */

/* Begin PBXFileReference section */
		B21BE4712C8DEC2D009D1A15 /* tadaktadak.app */ = {isa = PBXFileReference; explicitFileType = wrapper.application; includeInIndex = 0; path = tadaktadak.app; sourceTree = BUILT_PRODUCTS_DIR; };
		B21BE4742C8DEC2D009D1A15 /* tadaktadakApp.swift */ = {isa = PBXFileReference; lastKnownFileType = sourcecode.swift; path = tadaktadakApp.swift; sourceTree = "<group>"; };
		B21BE4762C8DEC2D009D1A15 /* ContentView.swift */ = {isa = PBXFileReference; lastKnownFileType = sourcecode.swift; path = ContentView.swift; sourceTree = "<group>"; };
		B21BE4782C8DEC2E009D1A15 /* Assets.xcassets */ = {isa = PBXFileReference; lastKnownFileType = folder.assetcatalog; path = Assets.xcassets; sourceTree = "<group>"; };
		B21BE47A2C8DEC2E009D1A15 /* tadaktadak.entitlements */ = {isa = PBXFileReference; lastKnownFileType = text.plist.entitlements; path = tadaktadak.entitlements; sourceTree = "<group>"; };
		B21BE47C2C8DEC2E009D1A15 /* Preview Assets.xcassets */ = {isa = PBXFileReference; lastKnownFileType = folder.assetcatalog; path = "Preview Assets.xcassets"; sourceTree = "<group>"; };
		B21BE4822C8DEC2E009D1A15 /* tadaktadakTests.xctest */ = {isa = PBXFileReference; explicitFileType = wrapper.cfbundle; includeInIndex = 0; path = tadaktadakTests.xctest; sourceTree = BUILT_PRODUCTS_DIR; };
		B21BE4862C8DEC2E009D1A15 /* tadaktadakTests.swift */ = {isa = PBXFileReference; lastKnownFileType = sourcecode.swift; path = tadaktadakTests.swift; sourceTree = "<group>"; };
		B21BE48C2C8DEC2E009D1A15 /* tadaktadakUITests.xctest */ = {isa = PBXFileReference; explicitFileType = wrapper.cfbundle; includeInIndex = 0; path = tadaktadakUITests.xctest; sourceTree = BUILT_PRODUCTS_DIR; };
		B21BE4902C8DEC2E009D1A15 /* tadaktadakUITests.swift */ = {isa = PBXFileReference; lastKnownFileType = sourcecode.swift; path = tadaktadakUITests.swift; sourceTree = "<group>"; };
		B21BE4922C8DEC2E009D1A15 /* tadaktadakUITestsLaunchTests.swift */ = {isa = PBXFileReference; lastKnownFileType = sourcecode.swift; path = tadaktadakUITestsLaunchTests.swift; sourceTree = "<group>"; };
		B253558D2C8E029F004325DB /* KeyboardPreview.swift */ = {isa = PBXFileReference; lastKnownFileType = sourcecode.swift; path = KeyboardPreview.swift; sourceTree = "<group>"; };
/* End PBXFileReference section */

/* Begin PBXFrameworksBuildPhase section */
		B21BE46E2C8DEC2D009D1A15 /* Frameworks */ = {
			isa = PBXFrameworksBuildPhase;
			buildActionMask = 2147483647;
			files = (
			);
			runOnlyForDeploymentPostprocessing = 0;
		};
		B21BE47F2C8DEC2E009D1A15 /* Frameworks */ = {
			isa = PBXFrameworksBuildPhase;
			buildActionMask = 2147483647;
			files = (
			);
			runOnlyForDeploymentPostprocessing = 0;
		};
		B21BE4892C8DEC2E009D1A15 /* Frameworks */ = {
			isa = PBXFrameworksBuildPhase;
			buildActionMask = 2147483647;
			files = (
			);
			runOnlyForDeploymentPostprocessing = 0;
		};
/* End PBXFrameworksBuildPhase section */

/* Begin PBXGroup section */
		B21BE4682C8DEC2D009D1A15 = {
			isa = PBXGroup;
			children = (
				B21BE4732C8DEC2D009D1A15 /* tadaktadak */,
				B21BE4852C8DEC2E009D1A15 /* tadaktadakTests */,
				B21BE48F2C8DEC2E009D1A15 /* tadaktadakUITests */,
				B21BE4722C8DEC2D009D1A15 /* Products */,
			);
			sourceTree = "<group>";
		};
		B21BE4722C8DEC2D009D1A15 /* Products */ = {
			isa = PBXGroup;
			children = (
				B21BE4712C8DEC2D009D1A15 /* tadaktadak.app */,
				B21BE4822C8DEC2E009D1A15 /* tadaktadakTests.xctest */,
				B21BE48C2C8DEC2E009D1A15 /* tadaktadakUITests.xctest */,
			);
			name = Products;
			sourceTree = "<group>";
		};
		B21BE4732C8DEC2D009D1A15 /* tadaktadak */ = {
			isa = PBXGroup;
			children = (
				B21BE4742C8DEC2D009D1A15 /* tadaktadakApp.swift */,
				B21BE4762C8DEC2D009D1A15 /* ContentView.swift */,
				B253558D2C8E029F004325DB /* KeyboardPreview.swift */,
				B21BE4782C8DEC2E009D1A15 /* Assets.xcassets */,
				B21BE47A2C8DEC2E009D1A15 /* tadaktadak.entitlements */,
				B21BE47B2C8DEC2E009D1A15 /* Preview Content */,
			);
			path = tadaktadak;
			sourceTree = "<group>";
		};
		B21BE47B2C8DEC2E009D1A15 /* Preview Content */ = {
			isa = PBXGroup;
			children = (
				B21BE47C2C8DEC2E009D1A15 /* Preview Assets.xcassets */,
			);
			path = "Preview Content";
			sourceTree = "<group>";
		};
		B21BE4852C8DEC2E009D1A15 /* tadaktadakTests */ = {
			isa = PBXGroup;
			children = (
				B21BE4862C8DEC2E009D1A15 /* tadaktadakTests.swift */,
			);
			path = tadaktadakTests;
			sourceTree = "<group>";
		};
		B21BE48F2C8DEC2E009D1A15 /* tadaktadakUITests */ = {
			isa = PBXGroup;
			children = (
				B21BE4902C8DEC2E009D1A15 /* tadaktadakUITests.swift */,
				B21BE4922C8DEC2E009D1A15 /* tadaktadakUITestsLaunchTests.swift */,
			);
			path = tadaktadakUITests;
			sourceTree = "<group>";
		};
/* End PBXGroup section */

/* Begin PBXNativeTarget section */
		B21BE4702C8DEC2D009D1A15 /* tadaktadak */ = {
			isa = PBXNativeTarget;
			buildConfigurationList = B21BE4962C8DEC2E009D1A15 /* Build configuration list for PBXNativeTarget "tadaktadak" */;
			buildPhases = (
				B21BE46D2C8DEC2D009D1A15 /* Sources */,
				B21BE46E2C8DEC2D009D1A15 /* Frameworks */,
				B21BE46F2C8DEC2D009D1A15 /* Resources */,
			);
			buildRules = (
			);
			dependencies = (
			);
			name = tadaktadak;
			productName = tadaktadak;
			productReference = B21BE4712C8DEC2D009D1A15 /* tadaktadak.app */;
			productType = "com.apple.product-type.application";
		};
		B21BE4812C8DEC2E009D1A15 /* tadaktadakTests */ = {
			isa = PBXNativeTarget;
			buildConfigurationList = B21BE4992C8DEC2E009D1A15 /* Build configuration list for PBXNativeTarget "tadaktadakTests" */;
			buildPhases = (
				B21BE47E2C8DEC2E009D1A15 /* Sources */,
				B21BE47F2C8DEC2E009D1A15 /* Frameworks */,
				B21BE4802C8DEC2E009D1A15 /* Resources */,
			);
			buildRules = (
			);
			dependencies = (
				B21BE4842C8DEC2E009D1A15 /* PBXTargetDependency */,
			);
			name = tadaktadakTests;
			productName = tadaktadakTests;
			productReference = B21BE4822C8DEC2E009D1A15 /* tadaktadakTests.xctest */;
			productType = "com.apple.product-type.bundle.unit-test";
		};
		B21BE48B2C8DEC2E009D1A15 /* tadaktadakUITests */ = {
			isa = PBXNativeTarget;
			buildConfigurationList = B21BE49C2C8DEC2E009D1A15 /* Build configuration list for PBXNativeTarget "tadaktadakUITests" */;
			buildPhases = (
				B21BE4882C8DEC2E009D1A15 /* Sources */,
				B21BE4892C8DEC2E009D1A15 /* Frameworks */,
				B21BE48A2C8DEC2E009D1A15 /* Resources */,
			);
			buildRules = (
			);
			dependencies = (
				B21BE48E2C8DEC2E009D1A15 /* PBXTargetDependency */,
			);
			name = tadaktadakUITests;
			productName = tadaktadakUITests;
			productReference = B21BE48C2C8DEC2E009D1A15 /* tadaktadakUITests.xctest */;
			productType = "com.apple.product-type.bundle.ui-testing";
		};
/* End PBXNativeTarget section */

/* Begin PBXProject section */
		B21BE4692C8DEC2D009D1A15 /* Project object */ = {
			isa = PBXProject;
			attributes = {
				BuildIndependentTargetsInParallel = 1;
				LastSwiftUpdateCheck = 1540;
				LastUpgradeCheck = 1540;
				TargetAttributes = {
					B21BE4702C8DEC2D009D1A15 = {
						CreatedOnToolsVersion = 15.4;
					};
					B21BE4812C8DEC2E009D1A15 = {
						CreatedOnToolsVersion = 15.4;
						TestTargetID = B21BE4702C8DEC2D009D1A15;
					};
					B21BE48B2C8DEC2E009D1A15 = {
						CreatedOnToolsVersion = 15.4;
						TestTargetID = B21BE4702C8DEC2D009D1A15;
					};
				};
			};
			buildConfigurationList = B21BE46C2C8DEC2D009D1A15 /* Build configuration list for PBXProject "tadaktadak" */;
			compatibilityVersion = "Xcode 14.0";
			developmentRegion = en;
			hasScannedForEncodings = 0;
			knownRegions = (
				en,
				Base,
			);
			mainGroup = B21BE4682C8DEC2D009D1A15;
			productRefGroup = B21BE4722C8DEC2D009D1A15 /* Products */;
			projectDirPath = "";
			projectRoot = "";
			targets = (
				B21BE4702C8DEC2D009D1A15 /* tadaktadak */,
				B21BE4812C8DEC2E009D1A15 /* tadaktadakTests */,
				B21BE48B2C8DEC2E009D1A15 /* tadaktadakUITests */,
			);
		};
/* End PBXProject section */

/* Begin PBXResourcesBuildPhase section */
		B21BE46F2C8DEC2D009D1A15 /* Resources */ = {
			isa = PBXResourcesBuildPhase;
			buildActionMask = 2147483647;
			files = (
				B21BE47D2C8DEC2E009D1A15 /* Preview Assets.xcassets in Resources */,
				B21BE4792C8DEC2E009D1A15 /* Assets.xcassets in Resources */,
			);
			runOnlyForDeploymentPostprocessing = 0;
		};
		B21BE4802C8DEC2E009D1A15 /* Resources */ = {
			isa = PBXResourcesBuildPhase;
			buildActionMask = 2147483647;
			files = (
			);
			runOnlyForDeploymentPostprocessing = 0;
		};
		B21BE48A2C8DEC2E009D1A15 /* Resources */ = {
			isa = PBXResourcesBuildPhase;
			buildActionMask = 2147483647;
			files = (
			);
			runOnlyForDeploymentPostprocessing = 0;
		};
/* End PBXResourcesBuildPhase section */

/* Begin PBXSourcesBuildPhase section */
		B21BE46D2C8DEC2D009D1A15 /* Sources */ = {
			isa = PBXSourcesBuildPhase;
			buildActionMask = 2147483647;
			files = (
				B253558E2C8E029F004325DB /* KeyboardPreview.swift in Sources */,
				B21BE4772C8DEC2D009D1A15 /* ContentView.swift in Sources */,
				B21BE4752C8DEC2D009D1A15 /* tadaktadakApp.swift in Sources */,
			);
			runOnlyForDeploymentPostprocessing = 0;
		};
		B21BE47E2C8DEC2E009D1A15 /* Sources */ = {
			isa = PBXSourcesBuildPhase;
			buildActionMask = 2147483647;
			files = (
				B21BE4872C8DEC2E009D1A15 /* tadaktadakTests.swift in Sources */,
			);
			runOnlyForDeploymentPostprocessing = 0;
		};
		B21BE4882C8DEC2E009D1A15 /* Sources */ = {
			isa = PBXSourcesBuildPhase;
			buildActionMask = 2147483647;
			files = (
				B21BE4932C8DEC2E009D1A15 /* tadaktadakUITestsLaunchTests.swift in Sources */,
				B21BE4912C8DEC2E009D1A15 /* tadaktadakUITests.swift in Sources */,
			);
			runOnlyForDeploymentPostprocessing = 0;
		};
/* End PBXSourcesBuildPhase section */

/* Begin PBXTargetDependency section */
		B21BE4842C8DEC2E009D1A15 /* PBXTargetDependency */ = {
			isa = PBXTargetDependency;
			target = B21BE4702C8DEC2D009D1A15 /* tadaktadak */;
			targetProxy = B21BE4832C8DEC2E009D1A15 /* PBXContainerItemProxy */;
		};
		B21BE48E2C8DEC2E009D1A15 /* PBXTargetDependency */ = {
			isa = PBXTargetDependency;
			target = B21BE4702C8DEC2D009D1A15 /* tadaktadak */;
			targetProxy = B21BE48D2C8DEC2E009D1A15 /* PBXContainerItemProxy */;
		};
/* End PBXTargetDependency section */

/* Begin XCBuildConfiguration section */
		B21BE4942C8DEC2E009D1A15 /* Debug */ = {
			isa = XCBuildConfiguration;
			buildSettings = {
				ALWAYS_SEARCH_USER_PATHS = NO;
				ASSETCATALOG_COMPILER_GENERATE_SWIFT_ASSET_SYMBOL_EXTENSIONS = YES;
				CLANG_ANALYZER_NONNULL = YES;
				CLANG_ANALYZER_NUMBER_OBJECT_CONVERSION = YES_AGGRESSIVE;
				CLANG_CXX_LANGUAGE_STANDARD = "gnu++20";
				CLANG_ENABLE_MODULES = YES;
				CLANG_ENABLE_OBJC_ARC = YES;
				CLANG_ENABLE_OBJC_WEAK = YES;
				CLANG_WARN_BLOCK_CAPTURE_AUTORELEASING = YES;
				CLANG_WARN_BOOL_CONVERSION = YES;
				CLANG_WARN_COMMA = YES;
				CLANG_WARN_CONSTANT_CONVERSION = YES;
				CLANG_WARN_DEPRECATED_OBJC_IMPLEMENTATIONS = YES;
				CLANG_WARN_DIRECT_OBJC_ISA_USAGE = YES_ERROR;
				CLANG_WARN_DOCUMENTATION_COMMENTS = YES;
				CLANG_WARN_EMPTY_BODY = YES;
				CLANG_WARN_ENUM_CONVERSION = YES;
				CLANG_WARN_INFINITE_RECURSION = YES;
				CLANG_WARN_INT_CONVERSION = YES;
				CLANG_WARN_NON_LITERAL_NULL_CONVERSION = YES;
				CLANG_WARN_OBJC_IMPLICIT_RETAIN_SELF = YES;
				CLANG_WARN_OBJC_LITERAL_CONVERSION = YES;
				CLANG_WARN_OBJC_ROOT_CLASS = YES_ERROR;
				CLANG_WARN_QUOTED_INCLUDE_IN_FRAMEWORK_HEADER = YES;
				CLANG_WARN_RANGE_LOOP_ANALYSIS = YES;
				CLANG_WARN_STRICT_PROTOTYPES = YES;
				CLANG_WARN_SUSPICIOUS_MOVE = YES;
				CLANG_WARN_UNGUARDED_AVAILABILITY = YES_AGGRESSIVE;
				CLANG_WARN_UNREACHABLE_CODE = YES;
				CLANG_WARN__DUPLICATE_METHOD_MATCH = YES;
				COPY_PHASE_STRIP = NO;
				DEBUG_INFORMATION_FORMAT = dwarf;
				ENABLE_STRICT_OBJC_MSGSEND = YES;
				ENABLE_TESTABILITY = YES;
				ENABLE_USER_SCRIPT_SANDBOXING = YES;
				GCC_C_LANGUAGE_STANDARD = gnu17;
				GCC_DYNAMIC_NO_PIC = NO;
				GCC_NO_COMMON_BLOCKS = YES;
				GCC_OPTIMIZATION_LEVEL = 0;
				GCC_PREPROCESSOR_DEFINITIONS = (
					"DEBUG=1",
					"$(inherited)",
				);
				GCC_WARN_64_TO_32_BIT_CONVERSION = YES;
				GCC_WARN_ABOUT_RETURN_TYPE = YES_ERROR;
				GCC_WARN_UNDECLARED_SELECTOR = YES;
				GCC_WARN_UNINITIALIZED_AUTOS = YES_AGGRESSIVE;
				GCC_WARN_UNUSED_FUNCTION = YES;
				GCC_WARN_UNUSED_VARIABLE = YES;
				LOCALIZATION_PREFERS_STRING_CATALOGS = YES;
				MTL_ENABLE_DEBUG_INFO = INCLUDE_SOURCE;
				MTL_FAST_MATH = YES;
				ONLY_ACTIVE_ARCH = YES;
				SWIFT_ACTIVE_COMPILATION_CONDITIONS = "DEBUG $(inherited)";
				SWIFT_OPTIMIZATION_LEVEL = "-Onone";
			};
			name = Debug;
		};
		B21BE4952C8DEC2E009D1A15 /* Release */ = {
			isa = XCBuildConfiguration;
			buildSettings = {
				ALWAYS_SEARCH_USER_PATHS = NO;
				ASSETCATALOG_COMPILER_GENERATE_SWIFT_ASSET_SYMBOL_EXTENSIONS = YES;
				CLANG_ANALYZER_NONNULL = YES;
				CLANG_ANALYZER_NUMBER_OBJECT_CONVERSION = YES_AGGRESSIVE;
				CLANG_CXX_LANGUAGE_STANDARD = "gnu++20";
				CLANG_ENABLE_MODULES = YES;
				CLANG_ENABLE_OBJC_ARC = YES;
				CLANG_ENABLE_OBJC_WEAK = YES;
				CLANG_WARN_BLOCK_CAPTURE_AUTORELEASING = YES;
				CLANG_WARN_BOOL_CONVERSION = YES;
				CLANG_WARN_COMMA = YES;
				CLANG_WARN_CONSTANT_CONVERSION = YES;
				CLANG_WARN_DEPRECATED_OBJC_IMPLEMENTATIONS = YES;
				CLANG_WARN_DIRECT_OBJC_ISA_USAGE = YES_ERROR;
				CLANG_WARN_DOCUMENTATION_COMMENTS = YES;
				CLANG_WARN_EMPTY_BODY = YES;
				CLANG_WARN_ENUM_CONVERSION = YES;
				CLANG_WARN_INFINITE_RECURSION = YES;
				CLANG_WARN_INT_CONVERSION = YES;
				CLANG_WARN_NON_LITERAL_NULL_CONVERSION = YES;
				CLANG_WARN_OBJC_IMPLICIT_RETAIN_SELF = YES;
				CLANG_WARN_OBJC_LITERAL_CONVERSION = YES;
				CLANG_WARN_OBJC_ROOT_CLASS = YES_ERROR;
				CLANG_WARN_QUOTED_INCLUDE_IN_FRAMEWORK_HEADER = YES;
				CLANG_WARN_RANGE_LOOP_ANALYSIS = YES;
				CLANG_WARN_STRICT_PROTOTYPES = YES;
				CLANG_WARN_SUSPICIOUS_MOVE = YES;
				CLANG_WARN_UNGUARDED_AVAILABILITY = YES_AGGRESSIVE;
				CLANG_WARN_UNREACHABLE_CODE = YES;
				CLANG_WARN__DUPLICATE_METHOD_MATCH = YES;
				COPY_PHASE_STRIP = NO;
				DEBUG_INFORMATION_FORMAT = "dwarf-with-dsym";
				ENABLE_NS_ASSERTIONS = NO;
				ENABLE_STRICT_OBJC_MSGSEND = YES;
				ENABLE_USER_SCRIPT_SANDBOXING = YES;
				GCC_C_LANGUAGE_STANDARD = gnu17;
				GCC_NO_COMMON_BLOCKS = YES;
				GCC_WARN_64_TO_32_BIT_CONVERSION = YES;
				GCC_WARN_ABOUT_RETURN_TYPE = YES_ERROR;
				GCC_WARN_UNDECLARED_SELECTOR = YES;
				GCC_WARN_UNINITIALIZED_AUTOS = YES_AGGRESSIVE;
				GCC_WARN_UNUSED_FUNCTION = YES;
				GCC_WARN_UNUSED_VARIABLE = YES;
				LOCALIZATION_PREFERS_STRING_CATALOGS = YES;
				MTL_ENABLE_DEBUG_INFO = NO;
				MTL_FAST_MATH = YES;
				SWIFT_COMPILATION_MODE = wholemodule;
			};
			name = Release;
		};
		B21BE4972C8DEC2E009D1A15 /* Debug */ = {
			isa = XCBuildConfiguration;
			buildSettings = {
				ASSETCATALOG_COMPILER_APPICON_NAME = AppIcon;
				ASSETCATALOG_COMPILER_GLOBAL_ACCENT_COLOR_NAME = AccentColor;
				CODE_SIGN_ENTITLEMENTS = tadaktadak/tadaktadak.entitlements;
				CODE_SIGN_IDENTITY = "Apple Development";
				"CODE_SIGN_IDENTITY[sdk=macosx*]" = "Apple Development";
				CODE_SIGN_STYLE = Automatic;
				CURRENT_PROJECT_VERSION = 2;
				DEVELOPMENT_ASSET_PATHS = "\"tadaktadak/Preview Content\"";
				DEVELOPMENT_TEAM = PQ529UM978;
				ENABLE_HARDENED_RUNTIME = NO;
				ENABLE_PREVIEWS = YES;
				GENERATE_INFOPLIST_FILE = YES;
				INFOPLIST_KEY_LSApplicationCategoryType = "public.app-category.education";
				"INFOPLIST_KEY_UIApplicationSceneManifest_Generation[sdk=iphoneos*]" = YES;
				"INFOPLIST_KEY_UIApplicationSceneManifest_Generation[sdk=iphonesimulator*]" = YES;
				"INFOPLIST_KEY_UIApplicationSupportsIndirectInputEvents[sdk=iphoneos*]" = YES;
				"INFOPLIST_KEY_UIApplicationSupportsIndirectInputEvents[sdk=iphonesimulator*]" = YES;
				"INFOPLIST_KEY_UILaunchScreen_Generation[sdk=iphoneos*]" = YES;
				"INFOPLIST_KEY_UILaunchScreen_Generation[sdk=iphonesimulator*]" = YES;
				"INFOPLIST_KEY_UIStatusBarStyle[sdk=iphoneos*]" = UIStatusBarStyleDefault;
				"INFOPLIST_KEY_UIStatusBarStyle[sdk=iphonesimulator*]" = UIStatusBarStyleDefault;
				INFOPLIST_KEY_UISupportedInterfaceOrientations_iPad = "UIInterfaceOrientationPortrait UIInterfaceOrientationPortraitUpsideDown UIInterfaceOrientationLandscapeLeft UIInterfaceOrientationLandscapeRight";
				INFOPLIST_KEY_UISupportedInterfaceOrientations_iPhone = "UIInterfaceOrientationPortrait UIInterfaceOrientationLandscapeLeft UIInterfaceOrientationLandscapeRight";
				IPHONEOS_DEPLOYMENT_TARGET = 17.0;
				LD_RUNPATH_SEARCH_PATHS = "@executable_path/Frameworks";
				"LD_RUNPATH_SEARCH_PATHS[sdk=macosx*]" = "@executable_path/../Frameworks";
				MACOSX_DEPLOYMENT_TARGET = 14.4;
				MARKETING_VERSION = 1.0;
				PRODUCT_BUNDLE_IDENTIFIER = jinwoojeong.tadaktadak;
				PRODUCT_NAME = tadaktadak;
				SDKROOT = auto;
				SUPPORTED_PLATFORMS = "iphoneos iphonesimulator macosx";
				SWIFT_EMIT_LOC_STRINGS = YES;
				SWIFT_VERSION = 5.0;
				TARGETED_DEVICE_FAMILY = "1,2";
			};
			name = Debug;
		};
		B21BE4982C8DEC2E009D1A15 /* Release */ = {
			isa = XCBuildConfiguration;
			buildSettings = {
				ASSETCATALOG_COMPILER_APPICON_NAME = AppIcon;
				ASSETCATALOG_COMPILER_GLOBAL_ACCENT_COLOR_NAME = AccentColor;
				CODE_SIGN_ENTITLEMENTS = tadaktadak/tadaktadak.entitlements;
				CODE_SIGN_IDENTITY = "Apple Development";
				"CODE_SIGN_IDENTITY[sdk=macosx*]" = "Apple Development";
				CODE_SIGN_STYLE = Automatic;
				CURRENT_PROJECT_VERSION = 2;
				DEVELOPMENT_ASSET_PATHS = "\"tadaktadak/Preview Content\"";
				DEVELOPMENT_TEAM = PQ529UM978;
				ENABLE_HARDENED_RUNTIME = NO;
				ENABLE_PREVIEWS = YES;
				GENERATE_INFOPLIST_FILE = YES;
				INFOPLIST_KEY_LSApplicationCategoryType = "public.app-category.education";
				"INFOPLIST_KEY_UIApplicationSceneManifest_Generation[sdk=iphoneos*]" = YES;
				"INFOPLIST_KEY_UIApplicationSceneManifest_Generation[sdk=iphonesimulator*]" = YES;
				"INFOPLIST_KEY_UIApplicationSupportsIndirectInputEvents[sdk=iphoneos*]" = YES;
				"INFOPLIST_KEY_UIApplicationSupportsIndirectInputEvents[sdk=iphonesimulator*]" = YES;
				"INFOPLIST_KEY_UILaunchScreen_Generation[sdk=iphoneos*]" = YES;
				"INFOPLIST_KEY_UILaunchScreen_Generation[sdk=iphonesimulator*]" = YES;
				"INFOPLIST_KEY_UIStatusBarStyle[sdk=iphoneos*]" = UIStatusBarStyleDefault;
				"INFOPLIST_KEY_UIStatusBarStyle[sdk=iphonesimulator*]" = UIStatusBarStyleDefault;
				INFOPLIST_KEY_UISupportedInterfaceOrientations_iPad = "UIInterfaceOrientationPortrait UIInterfaceOrientationPortraitUpsideDown UIInterfaceOrientationLandscapeLeft UIInterfaceOrientationLandscapeRight";
				INFOPLIST_KEY_UISupportedInterfaceOrientations_iPhone = "UIInterfaceOrientationPortrait UIInterfaceOrientationLandscapeLeft UIInterfaceOrientationLandscapeRight";
				IPHONEOS_DEPLOYMENT_TARGET = 17.0;
				LD_RUNPATH_SEARCH_PATHS = "@executable_path/Frameworks";
				"LD_RUNPATH_SEARCH_PATHS[sdk=macosx*]" = "@executable_path/../Frameworks";
				MACOSX_DEPLOYMENT_TARGET = 14.4;
				MARKETING_VERSION = 1.0;
				PRODUCT_BUNDLE_IDENTIFIER = jinwoojeong.tadaktadak;
				PRODUCT_NAME = tadaktadak;
				SDKROOT = auto;
				SUPPORTED_PLATFORMS = "iphoneos iphonesimulator macosx";
				SWIFT_EMIT_LOC_STRINGS = YES;
				SWIFT_VERSION = 5.0;
				TARGETED_DEVICE_FAMILY = "1,2";
			};
			name = Release;
		};
		B21BE49A2C8DEC2E009D1A15 /* Debug */ = {
			isa = XCBuildConfiguration;
			buildSettings = {
				ALWAYS_EMBED_SWIFT_STANDARD_LIBRARIES = YES;
				BUNDLE_LOADER = "$(TEST_HOST)";
				CODE_SIGN_STYLE = Automatic;
				CURRENT_PROJECT_VERSION = 1;
				DEVELOPMENT_TEAM = PQ529UM978;
				GENERATE_INFOPLIST_FILE = YES;
				IPHONEOS_DEPLOYMENT_TARGET = 17.5;
				MACOSX_DEPLOYMENT_TARGET = 14.4;
				MARKETING_VERSION = 1.0;
				PRODUCT_BUNDLE_IDENTIFIER = jinwoojeong.tadaktadakTests;
				PRODUCT_NAME = "$(TARGET_NAME)";
				SDKROOT = auto;
				SUPPORTED_PLATFORMS = "iphoneos iphonesimulator macosx";
				SWIFT_EMIT_LOC_STRINGS = NO;
				SWIFT_VERSION = 5.0;
				TARGETED_DEVICE_FAMILY = "1,2";
				TEST_HOST = "$(BUILT_PRODUCTS_DIR)/tadaktadak.app/$(BUNDLE_EXECUTABLE_FOLDER_PATH)/tadaktadak";
			};
			name = Debug;
		};
		B21BE49B2C8DEC2E009D1A15 /* Release */ = {
			isa = XCBuildConfiguration;
			buildSettings = {
				ALWAYS_EMBED_SWIFT_STANDARD_LIBRARIES = YES;
				BUNDLE_LOADER = "$(TEST_HOST)";
				CODE_SIGN_STYLE = Automatic;
				CURRENT_PROJECT_VERSION = 1;
				DEVELOPMENT_TEAM = PQ529UM978;
				GENERATE_INFOPLIST_FILE = YES;
				IPHONEOS_DEPLOYMENT_TARGET = 17.5;
				MACOSX_DEPLOYMENT_TARGET = 14.4;
				MARKETING_VERSION = 1.0;
				PRODUCT_BUNDLE_IDENTIFIER = jinwoojeong.tadaktadakTests;
				PRODUCT_NAME = "$(TARGET_NAME)";
				SDKROOT = auto;
				SUPPORTED_PLATFORMS = "iphoneos iphonesimulator macosx";
				SWIFT_EMIT_LOC_STRINGS = NO;
				SWIFT_VERSION = 5.0;
				TARGETED_DEVICE_FAMILY = "1,2";
				TEST_HOST = "$(BUILT_PRODUCTS_DIR)/tadaktadak.app/$(BUNDLE_EXECUTABLE_FOLDER_PATH)/tadaktadak";
			};
			name = Release;
		};
		B21BE49D2C8DEC2E009D1A15 /* Debug */ = {
			isa = XCBuildConfiguration;
			buildSettings = {
				ALWAYS_EMBED_SWIFT_STANDARD_LIBRARIES = YES;
				CODE_SIGN_STYLE = Automatic;
				CURRENT_PROJECT_VERSION = 1;
				DEVELOPMENT_TEAM = PQ529UM978;
				GENERATE_INFOPLIST_FILE = YES;
				IPHONEOS_DEPLOYMENT_TARGET = 17.5;
				MACOSX_DEPLOYMENT_TARGET = 14.4;
				MARKETING_VERSION = 1.0;
				PRODUCT_BUNDLE_IDENTIFIER = jinwoojeong.tadaktadakUITests;
				PRODUCT_NAME = "$(TARGET_NAME)";
				SDKROOT = auto;
				SUPPORTED_PLATFORMS = "iphoneos iphonesimulator macosx";
				SWIFT_EMIT_LOC_STRINGS = NO;
				SWIFT_VERSION = 5.0;
				TARGETED_DEVICE_FAMILY = "1,2";
				TEST_TARGET_NAME = tadaktadak;
			};
			name = Debug;
		};
		B21BE49E2C8DEC2E009D1A15 /* Release */ = {
			isa = XCBuildConfiguration;
			buildSettings = {
				ALWAYS_EMBED_SWIFT_STANDARD_LIBRARIES = YES;
				CODE_SIGN_STYLE = Automatic;
				CURRENT_PROJECT_VERSION = 1;
				DEVELOPMENT_TEAM = PQ529UM978;
				GENERATE_INFOPLIST_FILE = YES;
				IPHONEOS_DEPLOYMENT_TARGET = 17.5;
				MACOSX_DEPLOYMENT_TARGET = 14.4;
				MARKETING_VERSION = 1.0;
				PRODUCT_BUNDLE_IDENTIFIER = jinwoojeong.tadaktadakUITests;
				PRODUCT_NAME = "$(TARGET_NAME)";
				SDKROOT = auto;
				SUPPORTED_PLATFORMS = "iphoneos iphonesimulator macosx";
				SWIFT_EMIT_LOC_STRINGS = NO;
				SWIFT_VERSION = 5.0;
				TARGETED_DEVICE_FAMILY = "1,2";
				TEST_TARGET_NAME = tadaktadak;
			};
			name = Release;
		};
/* End XCBuildConfiguration section */

/* Begin XCConfigurationList section */
		B21BE46C2C8DEC2D009D1A15 /* Build configuration list for PBXProject "tadaktadak" */ = {
			isa = XCConfigurationList;
			buildConfigurations = (
				B21BE4942C8DEC2E009D1A15 /* Debug */,
				B21BE4952C8DEC2E009D1A15 /* Release */,
			);
			defaultConfigurationIsVisible = 0;
			defaultConfigurationName = Release;
		};
		B21BE4962C8DEC2E009D1A15 /* Build configuration list for PBXNativeTarget "tadaktadak" */ = {
			isa = XCConfigurationList;
			buildConfigurations = (
				B21BE4972C8DEC2E009D1A15 /* Debug */,
				B21BE4982C8DEC2E009D1A15 /* Release */,
			);
			defaultConfigurationIsVisible = 0;
			defaultConfigurationName = Release;
		};
		B21BE4992C8DEC2E009D1A15 /* Build configuration list for PBXNativeTarget "tadaktadakTests" */ = {
			isa = XCConfigurationList;
			buildConfigurations = (
				B21BE49A2C8DEC2E009D1A15 /* Debug */,
				B21BE49B2C8DEC2E009D1A15 /* Release */,
			);
			defaultConfigurationIsVisible = 0;
			defaultConfigurationName = Release;
		};
		B21BE49C2C8DEC2E009D1A15 /* Build configuration list for PBXNativeTarget "tadaktadakUITests" */ = {
			isa = XCConfigurationList;
			buildConfigurations = (
				B21BE49D2C8DEC2E009D1A15 /* Debug */,
				B21BE49E2C8DEC2E009D1A15 /* Release */,
			);
			defaultConfigurationIsVisible = 0;
			defaultConfigurationName = Release;
		};
/* End XCConfigurationList section */
	};
	rootObject = B21BE4692C8DEC2D009D1A15 /* Project object */;
}
